{
  "name": "svelte",
  "version": "1.0.0",
  "lockfileVersion": 3,
  "requires": true,
  "packages": {
    "": {
      "name": "svelte",
      "version": "1.0.0",
      "license": "ISC",
      "devDependencies": {
        "create-svelte": "3.1.1"
      }
    },
    "node_modules/@clack/core": {
      "version": "0.3.2",
      "resolved": "https://registry.npmjs.org/@clack/core/-/core-0.3.2.tgz",
      "integrity": "sha512-FZnsNynwGDIDktx6PEZK1EuCkFpY4ldEX6VYvfl0dqeoLPb9Jpw1xoUXaVcGR8ExmYNm1w2vdGdJkEUYD/2pqg==",
      "dev": true,
      "dependencies": {
        "picocolors": "^1.0.0",
        "sisteransi": "^1.0.5"
      }
    },
    "node_modules/@clack/prompts": {
      "version": "0.6.2",
      "resolved": "https://registry.npmjs.org/@clack/prompts/-/prompts-0.6.2.tgz",
      "integrity": "sha512-T6Ze995z9ok7A8aDfBuqWtQZUBffK5bDbsQcgSrMH1wxcf9amSmfUF026SwpcXAuVb6PTtySy4BdcAEU3PYNLg==",
      "bundleDependencies": [
        "is-unicode-supported"
      ],
      "dev": true,
      "dependencies": {
        "@clack/core": "^0.3.1",
        "is-unicode-supported": "*",
        "picocolors": "^1.0.0",
        "sisteransi": "^1.0.5"
      }
    },
    "node_modules/@clack/prompts/node_modules/is-unicode-supported": {
      "version": "1.3.0",
      "dev": true,
      "inBundle": true,
      "license": "MIT",
      "engines": {
        "node": ">=12"
      },
      "funding": {
        "url": "https://github.com/sponsors/sindresorhus"
      }
    },
    "node_modules/create-svelte": {
      "version": "3.1.1",
      "resolved": "https://registry.npmjs.org/create-svelte/-/create-svelte-3.1.1.tgz",
      "integrity": "sha512-MsKS7SgIvfxQHqu7kveei40YBg7diRBzW8iC2dvf53MePPfIHy+Ian6OPfiZeNnwNAfuIgmKY3W1u73JyeaJqg==",
      "dev": true,
      "dependencies": {
        "@clack/prompts": "^0.6.0",
        "kleur": "^4.1.5"
      },
      "bin": {
        "create-svelte": "bin.js"
      }
    },
    "node_modules/kleur": {
      "version": "4.1.5",
      "resolved": "https://registry.npmjs.org/kleur/-/kleur-4.1.5.tgz",
      "integrity": "sha512-o+NO+8WrRiQEE4/7nwRJhN1HWpVmJm511pBHUxPLtp0BUISzlBplORYSmTclCnJvQq2tKu/sgl3xVpkc7ZWuQQ==",
      "dev": true,
      "engines": {
        "node": ">=6"
      }
    },
    "node_modules/picocolors": {
      "version": "1.0.0",
      "resolved": "https://registry.npmjs.org/picocolors/-/picocolors-1.0.0.tgz",
      "integrity": "sha512-1fygroTLlHu66zi26VoTDv8yRgm0Fccecssto+MhsZ0D/DGW2sm8E8AjW7NU5VVTRt5GxbeZ5qBuJr+HyLYkjQ==",
      "dev": true
    },
    "node_modules/sisteransi": {
      "version": "1.0.5",
      "resolved": "https://registry.npmjs.org/sisteransi/-/sisteransi-1.0.5.tgz",
      "integrity": "sha512-bLGGlR1QxBcynn2d5YmDX4MGjlZvy2MRBDRNHLJ8VI6l6+9FUiyTFNJ0IveOSP0bcXgVDPRcfGqA0pjaqUpfVg==",
      "dev": true
    }
  }
}
